// !$*UTF8*$!
{
	archiveVersion = 1;
	classes = {
	};
	objectVersion = 46;
	objects = {

/* Begin PBXBuildFile section */
		903740521B4C2EB50043A033 /* GameKit.framework in Frameworks */ = {isa = PBXBuildFile; fileRef = 903740511B4C2EB50043A033 /* GameKit.framework */; };
		9037405D1B4D9BB00043A033 /* ChompEm_Tests.swift in Sources */ = {isa = PBXBuildFile; fileRef = 9037405C1B4D9BB00043A033 /* ChompEm_Tests.swift */; };
		D46CDD1C1B4AE8B10085E403 /* AppDelegate.swift in Sources */ = {isa = PBXBuildFile; fileRef = D46CDD1B1B4AE8B10085E403 /* AppDelegate.swift */; };
		D46CDD1E1B4AE8B10085E403 /* GameScene.sks in Resources */ = {isa = PBXBuildFile; fileRef = D46CDD1D1B4AE8B10085E403 /* GameScene.sks */; };
		D46CDD201B4AE8B10085E403 /* GameScene.swift in Sources */ = {isa = PBXBuildFile; fileRef = D46CDD1F1B4AE8B10085E403 /* GameScene.swift */; };
		D46CDD251B4AE8B10085E403 /* Main.storyboard in Resources */ = {isa = PBXBuildFile; fileRef = D46CDD231B4AE8B10085E403 /* Main.storyboard */; };
		D46CDD431B4AFC770085E403 /* GameOverScene.swift in Sources */ = {isa = PBXBuildFile; fileRef = D46CDD3F1B4AFC770085E403 /* GameOverScene.swift */; };
		D46CDD441B4AFC770085E403 /* HowToPlayScene.swift in Sources */ = {isa = PBXBuildFile; fileRef = D46CDD401B4AFC770085E403 /* HowToPlayScene.swift */; };
		D46CDD451B4AFC770085E403 /* MenuScene.swift in Sources */ = {isa = PBXBuildFile; fileRef = D46CDD411B4AFC770085E403 /* MenuScene.swift */; };
		D46CDD461B4AFC770085E403 /* ScoreScene.swift in Sources */ = {isa = PBXBuildFile; fileRef = D46CDD421B4AFC770085E403 /* ScoreScene.swift */; };
		D46CDD481B4AFCAA0085E403 /* GameViewController.swift in Sources */ = {isa = PBXBuildFile; fileRef = D46CDD471B4AFCAA0085E403 /* GameViewController.swift */; };
		D46CDD4D1B4AFD0F0085E403 /* dubstep.mp3 in Resources */ = {isa = PBXBuildFile; fileRef = D46CDD4A1B4AFD0F0085E403 /* dubstep.mp3 */; };
		D46CDD4E1B4AFD0F0085E403 /* gulp.m4a in Resources */ = {isa = PBXBuildFile; fileRef = D46CDD4B1B4AFD0F0085E403 /* gulp.m4a */; };
		D46CDD4F1B4AFD0F0085E403 /* zuera7.mp3 in Resources */ = {isa = PBXBuildFile; fileRef = D46CDD4C1B4AFD0F0085E403 /* zuera7.mp3 */; };
		D46CDD5D1B4AFD3F0085E403 /* amoebaFeiaAmarela.atlas in Resources */ = {isa = PBXBuildFile; fileRef = D46CDD511B4AFD3F0085E403 /* amoebaFeiaAmarela.atlas */; };
		D46CDD5E1B4AFD3F0085E403 /* amoebaFeiaAzul.atlas in Resources */ = {isa = PBXBuildFile; fileRef = D46CDD521B4AFD3F0085E403 /* amoebaFeiaAzul.atlas */; };
		D46CDD5F1B4AFD3F0085E403 /* amoebaFeiaVermelha.atlas in Resources */ = {isa = PBXBuildFile; fileRef = D46CDD531B4AFD3F0085E403 /* amoebaFeiaVermelha.atlas */; };
		D46CDD601B4AFD3F0085E403 /* amoebaLaranja.atlas in Resources */ = {isa = PBXBuildFile; fileRef = D46CDD541B4AFD3F0085E403 /* amoebaLaranja.atlas */; };
		D46CDD611B4AFD3F0085E403 /* amoebaLaranjaBoca.atlas in Resources */ = {isa = PBXBuildFile; fileRef = D46CDD551B4AFD3F0085E403 /* amoebaLaranjaBoca.atlas */; };
		D46CDD621B4AFD3F0085E403 /* amoebaLaranjaHit.atlas in Resources */ = {isa = PBXBuildFile; fileRef = D46CDD561B4AFD3F0085E403 /* amoebaLaranjaHit.atlas */; };
		D46CDD631B4AFD3F0085E403 /* amoebaVerde.atlas in Resources */ = {isa = PBXBuildFile; fileRef = D46CDD571B4AFD3F0085E403 /* amoebaVerde.atlas */; };
		D46CDD641B4AFD3F0085E403 /* amoebaVerdeBoca.atlas in Resources */ = {isa = PBXBuildFile; fileRef = D46CDD581B4AFD3F0085E403 /* amoebaVerdeBoca.atlas */; };
		D46CDD651B4AFD3F0085E403 /* amoebaVerdeHit.atlas in Resources */ = {isa = PBXBuildFile; fileRef = D46CDD591B4AFD3F0085E403 /* amoebaVerdeHit.atlas */; };
		D46CDD661B4AFD3F0085E403 /* amoebaVioleta.atlas in Resources */ = {isa = PBXBuildFile; fileRef = D46CDD5A1B4AFD3F0085E403 /* amoebaVioleta.atlas */; };
		D46CDD671B4AFD3F0085E403 /* amoebaVioletaBoca.atlas in Resources */ = {isa = PBXBuildFile; fileRef = D46CDD5B1B4AFD3F0085E403 /* amoebaVioletaBoca.atlas */; };
		D46CDD681B4AFD3F0085E403 /* amoebaVioletaHit.atlas in Resources */ = {isa = PBXBuildFile; fileRef = D46CDD5C1B4AFD3F0085E403 /* amoebaVioletaHit.atlas */; };
		D46CDD6A1B4AFE1B0085E403 /* Images.xcassets in Resources */ = {isa = PBXBuildFile; fileRef = D46CDD691B4AFE1B0085E403 /* Images.xcassets */; };
		D46CDD7B1B4AFF090085E403 /* Images.xcassets in Resources */ = {isa = PBXBuildFile; fileRef = D46CDD7A1B4AFF090085E403 /* Images.xcassets */; };
		D46CDD7F1B4AFF0A0085E403 /* ChompEm WatchKit App.app in Resources */ = {isa = PBXBuildFile; fileRef = D46CDD7E1B4AFF0A0085E403 /* ChompEm WatchKit App.app */; };
		D46CDD8C1B4AFF0A0085E403 /* ChompEm WatchKit Extension.appex in Embed App Extensions */ = {isa = PBXBuildFile; fileRef = D46CDD6F1B4AFF090085E403 /* ChompEm WatchKit Extension.appex */; settings = {ATTRIBUTES = (RemoveHeadersOnCopy, ); }; };
		D46CDD981B4AFFEC0085E403 /* GlanceController.swift in Sources */ = {isa = PBXBuildFile; fileRef = D46CDD951B4AFFEC0085E403 /* GlanceController.swift */; };
		D46CDD991B4AFFEC0085E403 /* InterfaceController.swift in Sources */ = {isa = PBXBuildFile; fileRef = D46CDD961B4AFFEC0085E403 /* InterfaceController.swift */; };
		D46CDD9A1B4AFFEC0085E403 /* NotificationController.swift in Sources */ = {isa = PBXBuildFile; fileRef = D46CDD971B4AFFEC0085E403 /* NotificationController.swift */; };
		D46CDD9C1B4B00440085E403 /* Images.xcassets in Resources */ = {isa = PBXBuildFile; fileRef = D46CDD9B1B4B00440085E403 /* Images.xcassets */; };
		D46CDD9E1B4B01390085E403 /* Interface.storyboard in Resources */ = {isa = PBXBuildFile; fileRef = D46CDD9D1B4B01390085E403 /* Interface.storyboard */; };
		D46CDDA01B4B133B0085E403 /* LaunchScreen.xib in Resources */ = {isa = PBXBuildFile; fileRef = D46CDD9F1B4B133B0085E403 /* LaunchScreen.xib */; };
/* End PBXBuildFile section */

/* Begin PBXContainerItemProxy section */

		9037405E1B4D9BB00043A033 /* PBXContainerItemProxy */ = {
			isa = PBXContainerItemProxy;
			containerPortal = D46CDD0E1B4AE8B10085E403 /* Project object */;
			proxyType = 1;
			remoteGlobalIDString = D46CDD151B4AE8B10085E403;
			remoteInfo = ChompEm;
		};
		D46CDD801B4AFF0A0085E403 /* PBXContainerItemProxy */ = {
			isa = PBXContainerItemProxy;
			containerPortal = D46CDD0E1B4AE8B10085E403 /* Project object */;
			proxyType = 1;
			remoteGlobalIDString = D46CDD7D1B4AFF0A0085E403;
			remoteInfo = "ChompEm WatchKit App";
		};
		D46CDD8A1B4AFF0A0085E403 /* PBXContainerItemProxy */ = {
			isa = PBXContainerItemProxy;
			containerPortal = D46CDD0E1B4AE8B10085E403 /* Project object */;
			proxyType = 1;
			remoteGlobalIDString = D46CDD6E1B4AFF090085E403;
			remoteInfo = "ChompEm WatchKit Extension";
		};
/* End PBXContainerItemProxy section */

/* Begin PBXCopyFilesBuildPhase section */
		D46CDD931B4AFF0A0085E403 /* Embed App Extensions */ = {
			isa = PBXCopyFilesBuildPhase;
			buildActionMask = 2147483647;
			dstPath = "";
			dstSubfolderSpec = 13;
			files = (
				D46CDD8C1B4AFF0A0085E403 /* ChompEm WatchKit Extension.appex in Embed App Extensions */,
			);
			name = "Embed App Extensions";
			runOnlyForDeploymentPostprocessing = 0;
		};
/* End PBXCopyFilesBuildPhase section */

/* Begin PBXFileReference section */
		903740511B4C2EB50043A033 /* GameKit.framework */ = {isa = PBXFileReference; lastKnownFileType = wrapper.framework; name = GameKit.framework; path = System/Library/Frameworks/GameKit.framework; sourceTree = SDKROOT; };
		903740581B4D9BB00043A033 /* ChompEm Tests.xctest */ = {isa = PBXFileReference; explicitFileType = wrapper.cfbundle; includeInIndex = 0; path = "ChompEm Tests.xctest"; sourceTree = BUILT_PRODUCTS_DIR; };
		9037405B1B4D9BB00043A033 /* Info.plist */ = {isa = PBXFileReference; lastKnownFileType = text.plist.xml; path = Info.plist; sourceTree = "<group>"; };
		9037405C1B4D9BB00043A033 /* ChompEm_Tests.swift */ = {isa = PBXFileReference; lastKnownFileType = sourcecode.swift; path = ChompEm_Tests.swift; sourceTree = "<group>"; };
		D46CDD161B4AE8B10085E403 /* ChompEm.app */ = {isa = PBXFileReference; explicitFileType = wrapper.application; includeInIndex = 0; path = ChompEm.app; sourceTree = BUILT_PRODUCTS_DIR; };
		D46CDD1A1B4AE8B10085E403 /* Info.plist */ = {isa = PBXFileReference; lastKnownFileType = text.plist.xml; path = Info.plist; sourceTree = "<group>"; };
		D46CDD1B1B4AE8B10085E403 /* AppDelegate.swift */ = {isa = PBXFileReference; lastKnownFileType = sourcecode.swift; path = AppDelegate.swift; sourceTree = "<group>"; };
		D46CDD1D1B4AE8B10085E403 /* GameScene.sks */ = {isa = PBXFileReference; lastKnownFileType = file.sks; path = GameScene.sks; sourceTree = "<group>"; };
		D46CDD1F1B4AE8B10085E403 /* GameScene.swift */ = {isa = PBXFileReference; lastKnownFileType = sourcecode.swift; path = GameScene.swift; sourceTree = "<group>"; };
		D46CDD241B4AE8B10085E403 /* Base */ = {isa = PBXFileReference; lastKnownFileType = file.storyboard; name = Base; path = Base.lproj/Main.storyboard; sourceTree = "<group>"; };
		D46CDD341B4AE8B10085E403 /* Info.plist */ = {isa = PBXFileReference; lastKnownFileType = text.plist.xml; path = Info.plist; sourceTree = "<group>"; };
		D46CDD351B4AE8B10085E403 /* ChompEmTests.swift */ = {isa = PBXFileReference; lastKnownFileType = sourcecode.swift; path = ChompEmTests.swift; sourceTree = "<group>"; };
		D46CDD3F1B4AFC770085E403 /* GameOverScene.swift */ = {isa = PBXFileReference; fileEncoding = 4; lastKnownFileType = sourcecode.swift; path = GameOverScene.swift; sourceTree = "<group>"; };
		D46CDD401B4AFC770085E403 /* HowToPlayScene.swift */ = {isa = PBXFileReference; fileEncoding = 4; lastKnownFileType = sourcecode.swift; path = HowToPlayScene.swift; sourceTree = "<group>"; };
		D46CDD411B4AFC770085E403 /* MenuScene.swift */ = {isa = PBXFileReference; fileEncoding = 4; lastKnownFileType = sourcecode.swift; path = MenuScene.swift; sourceTree = "<group>"; };
		D46CDD421B4AFC770085E403 /* ScoreScene.swift */ = {isa = PBXFileReference; fileEncoding = 4; lastKnownFileType = sourcecode.swift; path = ScoreScene.swift; sourceTree = "<group>"; };
		D46CDD471B4AFCAA0085E403 /* GameViewController.swift */ = {isa = PBXFileReference; fileEncoding = 4; lastKnownFileType = sourcecode.swift; path = GameViewController.swift; sourceTree = "<group>"; };
		D46CDD4A1B4AFD0F0085E403 /* dubstep.mp3 */ = {isa = PBXFileReference; lastKnownFileType = audio.mp3; path = dubstep.mp3; sourceTree = "<group>"; };
		D46CDD4B1B4AFD0F0085E403 /* gulp.m4a */ = {isa = PBXFileReference; lastKnownFileType = file; path = gulp.m4a; sourceTree = "<group>"; };
		D46CDD4C1B4AFD0F0085E403 /* zuera7.mp3 */ = {isa = PBXFileReference; lastKnownFileType = audio.mp3; path = zuera7.mp3; sourceTree = "<group>"; };
		D46CDD511B4AFD3F0085E403 /* amoebaFeiaAmarela.atlas */ = {isa = PBXFileReference; lastKnownFileType = folder.skatlas; path = amoebaFeiaAmarela.atlas; sourceTree = "<group>"; };
		D46CDD521B4AFD3F0085E403 /* amoebaFeiaAzul.atlas */ = {isa = PBXFileReference; lastKnownFileType = folder.skatlas; path = amoebaFeiaAzul.atlas; sourceTree = "<group>"; };
		D46CDD531B4AFD3F0085E403 /* amoebaFeiaVermelha.atlas */ = {isa = PBXFileReference; lastKnownFileType = folder.skatlas; path = amoebaFeiaVermelha.atlas; sourceTree = "<group>"; };
		D46CDD541B4AFD3F0085E403 /* amoebaLaranja.atlas */ = {isa = PBXFileReference; lastKnownFileType = folder.skatlas; path = amoebaLaranja.atlas; sourceTree = "<group>"; };
		D46CDD551B4AFD3F0085E403 /* amoebaLaranjaBoca.atlas */ = {isa = PBXFileReference; lastKnownFileType = folder.skatlas; path = amoebaLaranjaBoca.atlas; sourceTree = "<group>"; };
		D46CDD561B4AFD3F0085E403 /* amoebaLaranjaHit.atlas */ = {isa = PBXFileReference; lastKnownFileType = folder.skatlas; path = amoebaLaranjaHit.atlas; sourceTree = "<group>"; };
		D46CDD571B4AFD3F0085E403 /* amoebaVerde.atlas */ = {isa = PBXFileReference; lastKnownFileType = folder.skatlas; path = amoebaVerde.atlas; sourceTree = "<group>"; };
		D46CDD581B4AFD3F0085E403 /* amoebaVerdeBoca.atlas */ = {isa = PBXFileReference; lastKnownFileType = folder.skatlas; path = amoebaVerdeBoca.atlas; sourceTree = "<group>"; };
		D46CDD591B4AFD3F0085E403 /* amoebaVerdeHit.atlas */ = {isa = PBXFileReference; lastKnownFileType = folder.skatlas; path = amoebaVerdeHit.atlas; sourceTree = "<group>"; };
		D46CDD5A1B4AFD3F0085E403 /* amoebaVioleta.atlas */ = {isa = PBXFileReference; lastKnownFileType = folder.skatlas; path = amoebaVioleta.atlas; sourceTree = "<group>"; };
		D46CDD5B1B4AFD3F0085E403 /* amoebaVioletaBoca.atlas */ = {isa = PBXFileReference; lastKnownFileType = folder.skatlas; path = amoebaVioletaBoca.atlas; sourceTree = "<group>"; };
		D46CDD5C1B4AFD3F0085E403 /* amoebaVioletaHit.atlas */ = {isa = PBXFileReference; lastKnownFileType = folder.skatlas; path = amoebaVioletaHit.atlas; sourceTree = "<group>"; };
		D46CDD691B4AFE1B0085E403 /* Images.xcassets */ = {isa = PBXFileReference; lastKnownFileType = folder.assetcatalog; name = Images.xcassets; path = ../Sounds/Images.xcassets; sourceTree = "<group>"; };
		D46CDD6F1B4AFF090085E403 /* ChompEm WatchKit Extension.appex */ = {isa = PBXFileReference; explicitFileType = "wrapper.app-extension"; includeInIndex = 0; path = "ChompEm WatchKit Extension.appex"; sourceTree = BUILT_PRODUCTS_DIR; };
		D46CDD721B4AFF090085E403 /* Info.plist */ = {isa = PBXFileReference; lastKnownFileType = text.plist.xml; path = Info.plist; sourceTree = "<group>"; };
		D46CDD731B4AFF090085E403 /* PushNotificationPayload.apns */ = {isa = PBXFileReference; lastKnownFileType = text; path = PushNotificationPayload.apns; sourceTree = "<group>"; };
		D46CDD7A1B4AFF090085E403 /* Images.xcassets */ = {isa = PBXFileReference; lastKnownFileType = folder.assetcatalog; path = Images.xcassets; sourceTree = "<group>"; };
		D46CDD7E1B4AFF0A0085E403 /* ChompEm WatchKit App.app */ = {isa = PBXFileReference; explicitFileType = wrapper.application; includeInIndex = 0; path = "ChompEm WatchKit App.app"; sourceTree = BUILT_PRODUCTS_DIR; };
		D46CDD841B4AFF0A0085E403 /* Info.plist */ = {isa = PBXFileReference; lastKnownFileType = text.plist.xml; path = Info.plist; sourceTree = "<group>"; };
		D46CDD941B4AFFEB0085E403 /* ChompEm WatchKit Extension-Bridging-Header.h */ = {isa = PBXFileReference; lastKnownFileType = sourcecode.c.h; path = "ChompEm WatchKit Extension-Bridging-Header.h"; sourceTree = "<group>"; };
		D46CDD951B4AFFEC0085E403 /* GlanceController.swift */ = {isa = PBXFileReference; fileEncoding = 4; lastKnownFileType = sourcecode.swift; path = GlanceController.swift; sourceTree = "<group>"; };
		D46CDD961B4AFFEC0085E403 /* InterfaceController.swift */ = {isa = PBXFileReference; fileEncoding = 4; lastKnownFileType = sourcecode.swift; path = InterfaceController.swift; sourceTree = "<group>"; };
		D46CDD971B4AFFEC0085E403 /* NotificationController.swift */ = {isa = PBXFileReference; fileEncoding = 4; lastKnownFileType = sourcecode.swift; path = NotificationController.swift; sourceTree = "<group>"; };
		D46CDD9B1B4B00440085E403 /* Images.xcassets */ = {isa = PBXFileReference; lastKnownFileType = folder.assetcatalog; path = Images.xcassets; sourceTree = "<group>"; };
		D46CDD9D1B4B01390085E403 /* Interface.storyboard */ = {isa = PBXFileReference; fileEncoding = 4; lastKnownFileType = file.storyboard; path = Interface.storyboard; sourceTree = "<group>"; };
		D46CDD9F1B4B133B0085E403 /* LaunchScreen.xib */ = {isa = PBXFileReference; fileEncoding = 4; lastKnownFileType = file.xib; path = LaunchScreen.xib; sourceTree = "<group>"; };
/* End PBXFileReference section */

/* Begin PBXFrameworksBuildPhase section */
		903740551B4D9BB00043A033 /* Frameworks */ = {
			isa = PBXFrameworksBuildPhase;
			buildActionMask = 2147483647;
			files = (
			);
			runOnlyForDeploymentPostprocessing = 0;
		};

		D46CDD131B4AE8B10085E403 /* Frameworks */ = {
			isa = PBXFrameworksBuildPhase;
			buildActionMask = 2147483647;
			files = (
				903740521B4C2EB50043A033 /* GameKit.framework in Frameworks */,
			);
			runOnlyForDeploymentPostprocessing = 0;
		};
		D46CDD6C1B4AFF090085E403 /* Frameworks */ = {
			isa = PBXFrameworksBuildPhase;
			buildActionMask = 2147483647;
			files = (
			);
			runOnlyForDeploymentPostprocessing = 0;
		};
/* End PBXFrameworksBuildPhase section */

/* Begin PBXGroup section */
		903740591B4D9BB00043A033 /* ChompEm Tests */ = {
			isa = PBXGroup;
			children = (
				9037405C1B4D9BB00043A033 /* ChompEm_Tests.swift */,
				9037405A1B4D9BB00043A033 /* Supporting Files */,
			);
			path = "ChompEm Tests";
			sourceTree = "<group>";
		};
		9037405A1B4D9BB00043A033 /* Supporting Files */ = {
			isa = PBXGroup;
			children = (
				9037405B1B4D9BB00043A033 /* Info.plist */,
			);
			name = "Supporting Files";
			sourceTree = "<group>";
		};
		D46CDD0D1B4AE8B10085E403 = {
			isa = PBXGroup;
			children = (
				903740511B4C2EB50043A033 /* GameKit.framework */,
				D46CDD501B4AFD1C0085E403 /* Animations */,
				D46CDD491B4AFD0F0085E403 /* Sounds */,
				D46CDD181B4AE8B10085E403 /* ChompEm */,
				D46CDD321B4AE8B10085E403 /* ChompEmTests */,
				D46CDD701B4AFF090085E403 /* ChompEm WatchKit Extension */,
				D46CDD821B4AFF0A0085E403 /* ChompEm WatchKit App */,
				903740591B4D9BB00043A033 /* ChompEm Tests */,
				D46CDD171B4AE8B10085E403 /* Products */,
			);
			sourceTree = "<group>";
		};
		D46CDD171B4AE8B10085E403 /* Products */ = {
			isa = PBXGroup;
			children = (
				D46CDD161B4AE8B10085E403 /* ChompEm.app */,
				D46CDD6F1B4AFF090085E403 /* ChompEm WatchKit Extension.appex */,
				D46CDD7E1B4AFF0A0085E403 /* ChompEm WatchKit App.app */,
				903740581B4D9BB00043A033 /* ChompEm Tests.xctest */,
			);
			name = Products;
			sourceTree = "<group>";
		};
		D46CDD181B4AE8B10085E403 /* ChompEm */ = {
			isa = PBXGroup;
			children = (
				D46CDD471B4AFCAA0085E403 /* GameViewController.swift */,
				D46CDD3F1B4AFC770085E403 /* GameOverScene.swift */,
				D46CDD401B4AFC770085E403 /* HowToPlayScene.swift */,
				D46CDD411B4AFC770085E403 /* MenuScene.swift */,
				D46CDD421B4AFC770085E403 /* ScoreScene.swift */,
				D46CDD1B1B4AE8B10085E403 /* AppDelegate.swift */,
				D46CDD1D1B4AE8B10085E403 /* GameScene.sks */,
				D46CDD1F1B4AE8B10085E403 /* GameScene.swift */,
				D46CDD691B4AFE1B0085E403 /* Images.xcassets */,
				D46CDD231B4AE8B10085E403 /* Main.storyboard */,
				D46CDD9F1B4B133B0085E403 /* LaunchScreen.xib */,
				D46CDD191B4AE8B10085E403 /* Supporting Files */,
			);
			path = ChompEm;
			sourceTree = "<group>";
		};
		D46CDD191B4AE8B10085E403 /* Supporting Files */ = {
			isa = PBXGroup;
			children = (
				D46CDD1A1B4AE8B10085E403 /* Info.plist */,
			);
			name = "Supporting Files";
			sourceTree = "<group>";
		};
		D46CDD321B4AE8B10085E403 /* ChompEmTests */ = {
			isa = PBXGroup;
			children = (
				D46CDD351B4AE8B10085E403 /* ChompEmTests.swift */,
				D46CDD331B4AE8B10085E403 /* Supporting Files */,
			);
			path = ChompEmTests;
			sourceTree = "<group>";
		};
		D46CDD331B4AE8B10085E403 /* Supporting Files */ = {
			isa = PBXGroup;
			children = (
				D46CDD341B4AE8B10085E403 /* Info.plist */,
			);
			name = "Supporting Files";
			sourceTree = "<group>";
		};
		D46CDD491B4AFD0F0085E403 /* Sounds */ = {
			isa = PBXGroup;
			children = (
				D46CDD4A1B4AFD0F0085E403 /* dubstep.mp3 */,
				D46CDD4B1B4AFD0F0085E403 /* gulp.m4a */,
				D46CDD4C1B4AFD0F0085E403 /* zuera7.mp3 */,
			);
			path = Sounds;
			sourceTree = "<group>";
		};
		D46CDD501B4AFD1C0085E403 /* Animations */ = {
			isa = PBXGroup;
			children = (
				D46CDD511B4AFD3F0085E403 /* amoebaFeiaAmarela.atlas */,
				D46CDD521B4AFD3F0085E403 /* amoebaFeiaAzul.atlas */,
				D46CDD531B4AFD3F0085E403 /* amoebaFeiaVermelha.atlas */,
				D46CDD541B4AFD3F0085E403 /* amoebaLaranja.atlas */,
				D46CDD551B4AFD3F0085E403 /* amoebaLaranjaBoca.atlas */,
				D46CDD561B4AFD3F0085E403 /* amoebaLaranjaHit.atlas */,
				D46CDD571B4AFD3F0085E403 /* amoebaVerde.atlas */,
				D46CDD581B4AFD3F0085E403 /* amoebaVerdeBoca.atlas */,
				D46CDD591B4AFD3F0085E403 /* amoebaVerdeHit.atlas */,
				D46CDD5A1B4AFD3F0085E403 /* amoebaVioleta.atlas */,
				D46CDD5B1B4AFD3F0085E403 /* amoebaVioletaBoca.atlas */,
				D46CDD5C1B4AFD3F0085E403 /* amoebaVioletaHit.atlas */,
			);
			name = Animations;
			sourceTree = "<group>";
		};
		D46CDD701B4AFF090085E403 /* ChompEm WatchKit Extension */ = {
			isa = PBXGroup;
			children = (
				D46CDD951B4AFFEC0085E403 /* GlanceController.swift */,
				D46CDD961B4AFFEC0085E403 /* InterfaceController.swift */,
				D46CDD971B4AFFEC0085E403 /* NotificationController.swift */,
				D46CDD7A1B4AFF090085E403 /* Images.xcassets */,
				D46CDD711B4AFF090085E403 /* Supporting Files */,
				D46CDD941B4AFFEB0085E403 /* ChompEm WatchKit Extension-Bridging-Header.h */,
			);
			path = "ChompEm WatchKit Extension";
			sourceTree = "<group>";
		};
		D46CDD711B4AFF090085E403 /* Supporting Files */ = {
			isa = PBXGroup;
			children = (
				D46CDD721B4AFF090085E403 /* Info.plist */,
				D46CDD731B4AFF090085E403 /* PushNotificationPayload.apns */,
			);
			name = "Supporting Files";
			sourceTree = "<group>";
		};
		D46CDD821B4AFF0A0085E403 /* ChompEm WatchKit App */ = {
			isa = PBXGroup;
			children = (
				D46CDD9D1B4B01390085E403 /* Interface.storyboard */,
				D46CDD9B1B4B00440085E403 /* Images.xcassets */,
				D46CDD831B4AFF0A0085E403 /* Supporting Files */,
			);
			path = "ChompEm WatchKit App";
			sourceTree = "<group>";
		};
		D46CDD831B4AFF0A0085E403 /* Supporting Files */ = {
			isa = PBXGroup;
			children = (
				D46CDD841B4AFF0A0085E403 /* Info.plist */,
			);
			name = "Supporting Files";
			sourceTree = "<group>";
		};
/* End PBXGroup section */

/* Begin PBXNativeTarget section */
		903740571B4D9BB00043A033 /* ChompEm Tests */ = {
			isa = PBXNativeTarget;
			buildConfigurationList = 903740601B4D9BB00043A033 /* Build configuration list for PBXNativeTarget "ChompEm Tests" */;
			buildPhases = (
				903740541B4D9BB00043A033 /* Sources */,
				903740551B4D9BB00043A033 /* Frameworks */,
				903740561B4D9BB00043A033 /* Resources */,
			);
			buildRules = (
			);
			dependencies = (
				9037405F1B4D9BB00043A033 /* PBXTargetDependency */,
			);
			name = "ChompEm Tests";
			productName = "ChompEm Tests";
			productReference = 903740581B4D9BB00043A033 /* ChompEm Tests.xctest */;
			productType = "com.apple.product-type.bundle.unit-test";
		};
		D46CDD151B4AE8B10085E403 /* ChompEm */ = {
			isa = PBXNativeTarget;
			buildConfigurationList = D46CDD391B4AE8B10085E403 /* Build configuration list for PBXNativeTarget "ChompEm" */;
			buildPhases = (
				D46CDD121B4AE8B10085E403 /* Sources */,
				D46CDD131B4AE8B10085E403 /* Frameworks */,
				D46CDD141B4AE8B10085E403 /* Resources */,
				D46CDD931B4AFF0A0085E403 /* Embed App Extensions */,
			);
			buildRules = (
			);
			dependencies = (
				D46CDD8B1B4AFF0A0085E403 /* PBXTargetDependency */,
			);
			name = ChompEm;
			productName = ChompEm;
			productReference = D46CDD161B4AE8B10085E403 /* ChompEm.app */;
			productType = "com.apple.product-type.application";
		};
		D46CDD6E1B4AFF090085E403 /* ChompEm WatchKit Extension */ = {
			isa = PBXNativeTarget;
			buildConfigurationList = D46CDD901B4AFF0A0085E403 /* Build configuration list for PBXNativeTarget "ChompEm WatchKit Extension" */;
			buildPhases = (
				D46CDD6B1B4AFF090085E403 /* Sources */,
				D46CDD6C1B4AFF090085E403 /* Frameworks */,
				D46CDD6D1B4AFF090085E403 /* Resources */,
			);
			buildRules = (
			);
			dependencies = (
				D46CDD811B4AFF0A0085E403 /* PBXTargetDependency */,
			);
			name = "ChompEm WatchKit Extension";
			productName = "ChompEm WatchKit Extension";
			productReference = D46CDD6F1B4AFF090085E403 /* ChompEm WatchKit Extension.appex */;
			productType = "com.apple.product-type.watchkit-extension";
		};
		D46CDD7D1B4AFF0A0085E403 /* ChompEm WatchKit App */ = {
			isa = PBXNativeTarget;
			buildConfigurationList = D46CDD8D1B4AFF0A0085E403 /* Build configuration list for PBXNativeTarget "ChompEm WatchKit App" */;
			buildPhases = (
				D46CDD7C1B4AFF0A0085E403 /* Resources */,
			);
			buildRules = (
			);
			dependencies = (
			);
			name = "ChompEm WatchKit App";
			productName = "ChompEm WatchKit App";
			productReference = D46CDD7E1B4AFF0A0085E403 /* ChompEm WatchKit App.app */;
			productType = "com.apple.product-type.application.watchapp";
		};
/* End PBXNativeTarget section */

/* Begin PBXProject section */
		D46CDD0E1B4AE8B10085E403 /* Project object */ = {
			isa = PBXProject;
			attributes = {
				LastUpgradeCheck = 0640;
				ORGANIZATIONNAME = "Paulo Ricardo Ramos da Rosa";
				TargetAttributes = {
					903740571B4D9BB00043A033 = {
						CreatedOnToolsVersion = 6.4;
						TestTargetID = D46CDD151B4AE8B10085E403;
					};
					D46CDD151B4AE8B10085E403 = {
						CreatedOnToolsVersion = 6.4;
						DevelopmentTeam = 9468LRW88W;
						SystemCapabilities = {
							com.apple.GameCenter = {
								enabled = 1;
							};
						};
					};
					D46CDD6E1B4AFF090085E403 = {
						CreatedOnToolsVersion = 6.4;
						DevelopmentTeam = 9468LRW88W;
					};
					D46CDD7D1B4AFF0A0085E403 = {
						CreatedOnToolsVersion = 6.4;
						DevelopmentTeam = 9468LRW88W;
					};
				};
			};
			buildConfigurationList = D46CDD111B4AE8B10085E403 /* Build configuration list for PBXProject "ChompEm" */;
			compatibilityVersion = "Xcode 3.2";
			developmentRegion = English;
			hasScannedForEncodings = 0;
			knownRegions = (
				en,
				Base,
			);
			mainGroup = D46CDD0D1B4AE8B10085E403;
			productRefGroup = D46CDD171B4AE8B10085E403 /* Products */;
			projectDirPath = "";
			projectRoot = "";
			targets = (
				D46CDD151B4AE8B10085E403 /* ChompEm */,
				D46CDD6E1B4AFF090085E403 /* ChompEm WatchKit Extension */,
				D46CDD7D1B4AFF0A0085E403 /* ChompEm WatchKit App */,
				903740571B4D9BB00043A033 /* ChompEm Tests */,
			);
		};
/* End PBXProject section */

/* Begin PBXResourcesBuildPhase section */
		903740561B4D9BB00043A033 /* Resources */ = {
			isa = PBXResourcesBuildPhase;
			buildActionMask = 2147483647;
			files = (
			);
			runOnlyForDeploymentPostprocessing = 0;
		};
		D46CDD141B4AE8B10085E403 /* Resources */ = {
			isa = PBXResourcesBuildPhase;
			buildActionMask = 2147483647;
			files = (
				D46CDD6A1B4AFE1B0085E403 /* Images.xcassets in Resources */,
				D46CDD661B4AFD3F0085E403 /* amoebaVioleta.atlas in Resources */,
				D46CDD621B4AFD3F0085E403 /* amoebaLaranjaHit.atlas in Resources */,
				D46CDD4D1B4AFD0F0085E403 /* dubstep.mp3 in Resources */,
				D46CDD4F1B4AFD0F0085E403 /* zuera7.mp3 in Resources */,
				D46CDD641B4AFD3F0085E403 /* amoebaVerdeBoca.atlas in Resources */,
				D46CDD601B4AFD3F0085E403 /* amoebaLaranja.atlas in Resources */,
				D46CDD671B4AFD3F0085E403 /* amoebaVioletaBoca.atlas in Resources */,
				D46CDD651B4AFD3F0085E403 /* amoebaVerdeHit.atlas in Resources */,
				D46CDD5E1B4AFD3F0085E403 /* amoebaFeiaAzul.atlas in Resources */,
				D46CDD631B4AFD3F0085E403 /* amoebaVerde.atlas in Resources */,
				D46CDD5F1B4AFD3F0085E403 /* amoebaFeiaVermelha.atlas in Resources */,
				D46CDD681B4AFD3F0085E403 /* amoebaVioletaHit.atlas in Resources */,
				D46CDDA01B4B133B0085E403 /* LaunchScreen.xib in Resources */,
				D46CDD1E1B4AE8B10085E403 /* GameScene.sks in Resources */,
				D46CDD4E1B4AFD0F0085E403 /* gulp.m4a in Resources */,
				D46CDD611B4AFD3F0085E403 /* amoebaLaranjaBoca.atlas in Resources */,
				D46CDD251B4AE8B10085E403 /* Main.storyboard in Resources */,
				D46CDD5D1B4AFD3F0085E403 /* amoebaFeiaAmarela.atlas in Resources */,
			);
			runOnlyForDeploymentPostprocessing = 0;
		};
		D46CDD6D1B4AFF090085E403 /* Resources */ = {
			isa = PBXResourcesBuildPhase;
			buildActionMask = 2147483647;
			files = (
				D46CDD7F1B4AFF0A0085E403 /* ChompEm WatchKit App.app in Resources */,
				D46CDD7B1B4AFF090085E403 /* Images.xcassets in Resources */,
			);
			runOnlyForDeploymentPostprocessing = 0;
		};
		D46CDD7C1B4AFF0A0085E403 /* Resources */ = {
			isa = PBXResourcesBuildPhase;
			buildActionMask = 2147483647;
			files = (
				D46CDD9E1B4B01390085E403 /* Interface.storyboard in Resources */,
				D46CDD9C1B4B00440085E403 /* Images.xcassets in Resources */,
			);
			runOnlyForDeploymentPostprocessing = 0;
		};
/* End PBXResourcesBuildPhase section */

/* Begin PBXSourcesBuildPhase section */
		903740541B4D9BB00043A033 /* Sources */ = {
			isa = PBXSourcesBuildPhase;
			buildActionMask = 2147483647;
			files = (
				9037405D1B4D9BB00043A033 /* ChompEm_Tests.swift in Sources */,
			);
			runOnlyForDeploymentPostprocessing = 0;
		};
		D46CDD121B4AE8B10085E403 /* Sources */ = {
			isa = PBXSourcesBuildPhase;
			buildActionMask = 2147483647;
			files = (
				D46CDD481B4AFCAA0085E403 /* GameViewController.swift in Sources */,
				D46CDD201B4AE8B10085E403 /* GameScene.swift in Sources */,
				D46CDD461B4AFC770085E403 /* ScoreScene.swift in Sources */,
				D46CDD441B4AFC770085E403 /* HowToPlayScene.swift in Sources */,
				D46CDD451B4AFC770085E403 /* MenuScene.swift in Sources */,
				D46CDD431B4AFC770085E403 /* GameOverScene.swift in Sources */,
				D46CDD1C1B4AE8B10085E403 /* AppDelegate.swift in Sources */,
			);
			runOnlyForDeploymentPostprocessing = 0;
		};
		D46CDD6B1B4AFF090085E403 /* Sources */ = {
			isa = PBXSourcesBuildPhase;
			buildActionMask = 2147483647;
			files = (
				D46CDD9A1B4AFFEC0085E403 /* NotificationController.swift in Sources */,
				D46CDD981B4AFFEC0085E403 /* GlanceController.swift in Sources */,
				D46CDD991B4AFFEC0085E403 /* InterfaceController.swift in Sources */,
			);
			runOnlyForDeploymentPostprocessing = 0;
		};
/* End PBXSourcesBuildPhase section */

/* Begin PBXTargetDependency section */

		9037405F1B4D9BB00043A033 /* PBXTargetDependency */ = {
			isa = PBXTargetDependency;
			target = D46CDD151B4AE8B10085E403 /* ChompEm */;
			targetProxy = 9037405E1B4D9BB00043A033 /* PBXContainerItemProxy */;
		};
		D46CDD811B4AFF0A0085E403 /* PBXTargetDependency */ = {
			isa = PBXTargetDependency;
			target = D46CDD7D1B4AFF0A0085E403 /* ChompEm WatchKit App */;
			targetProxy = D46CDD801B4AFF0A0085E403 /* PBXContainerItemProxy */;
		};
		D46CDD8B1B4AFF0A0085E403 /* PBXTargetDependency */ = {
			isa = PBXTargetDependency;
			target = D46CDD6E1B4AFF090085E403 /* ChompEm WatchKit Extension */;
			targetProxy = D46CDD8A1B4AFF0A0085E403 /* PBXContainerItemProxy */;
		};
/* End PBXTargetDependency section */

/* Begin PBXVariantGroup section */
		D46CDD231B4AE8B10085E403 /* Main.storyboard */ = {
			isa = PBXVariantGroup;
			children = (
				D46CDD241B4AE8B10085E403 /* Base */,
			);
			name = Main.storyboard;
			sourceTree = "<group>";
		};
/* End PBXVariantGroup section */

/* Begin XCBuildConfiguration section */
		903740611B4D9BB00043A033 /* Debug */ = {
			isa = XCBuildConfiguration;
			buildSettings = {
				BUNDLE_LOADER = "$(TEST_HOST)";
				FRAMEWORK_SEARCH_PATHS = (
					"$(SDKROOT)/Developer/Library/Frameworks",
					"$(inherited)",
				);
				GCC_PREPROCESSOR_DEFINITIONS = (
					"DEBUG=1",
					"$(inherited)",
				);
				INFOPLIST_FILE = "ChompEm Tests/Info.plist";
				LD_RUNPATH_SEARCH_PATHS = "$(inherited) @executable_path/Frameworks @loader_path/Frameworks";
				PRODUCT_NAME = "$(TARGET_NAME)";
				TEST_HOST = "$(BUILT_PRODUCTS_DIR)/ChompEm.app/ChompEm";
			};
			name = Debug;
		};
		903740621B4D9BB00043A033 /* Release */ = {
			isa = XCBuildConfiguration;
			buildSettings = {
				BUNDLE_LOADER = "$(TEST_HOST)";
				FRAMEWORK_SEARCH_PATHS = (
					"$(SDKROOT)/Developer/Library/Frameworks",
					"$(inherited)",
				);
				INFOPLIST_FILE = "ChompEm Tests/Info.plist";
				LD_RUNPATH_SEARCH_PATHS = "$(inherited) @executable_path/Frameworks @loader_path/Frameworks";
				PRODUCT_NAME = "$(TARGET_NAME)";
				TEST_HOST = "$(BUILT_PRODUCTS_DIR)/ChompEm.app/ChompEm";
			};
			name = Release;
		};
		D46CDD371B4AE8B10085E403 /* Debug */ = {
			isa = XCBuildConfiguration;
			buildSettings = {
				ALWAYS_SEARCH_USER_PATHS = NO;
				CLANG_CXX_LANGUAGE_STANDARD = "gnu++0x";
				CLANG_CXX_LIBRARY = "libc++";
				CLANG_ENABLE_MODULES = YES;
				CLANG_ENABLE_OBJC_ARC = YES;
				CLANG_WARN_BOOL_CONVERSION = YES;
				CLANG_WARN_CONSTANT_CONVERSION = YES;
				CLANG_WARN_DIRECT_OBJC_ISA_USAGE = YES_ERROR;
				CLANG_WARN_EMPTY_BODY = YES;
				CLANG_WARN_ENUM_CONVERSION = YES;
				CLANG_WARN_INT_CONVERSION = YES;
				CLANG_WARN_OBJC_ROOT_CLASS = YES_ERROR;
				CLANG_WARN_UNREACHABLE_CODE = YES;
				CLANG_WARN__DUPLICATE_METHOD_MATCH = YES;
				"CODE_SIGN_IDENTITY[sdk=iphoneos*]" = "iPhone Developer";
				COPY_PHASE_STRIP = NO;
				DEBUG_INFORMATION_FORMAT = "dwarf-with-dsym";
				ENABLE_STRICT_OBJC_MSGSEND = YES;
				GCC_C_LANGUAGE_STANDARD = gnu99;
				GCC_DYNAMIC_NO_PIC = NO;
				GCC_NO_COMMON_BLOCKS = YES;
				GCC_OPTIMIZATION_LEVEL = 0;
				GCC_PREPROCESSOR_DEFINITIONS = (
					"DEBUG=1",
					"$(inherited)",
				);
				GCC_SYMBOLS_PRIVATE_EXTERN = NO;
				GCC_WARN_64_TO_32_BIT_CONVERSION = YES;
				GCC_WARN_ABOUT_RETURN_TYPE = YES_ERROR;
				GCC_WARN_UNDECLARED_SELECTOR = YES;
				GCC_WARN_UNINITIALIZED_AUTOS = YES_AGGRESSIVE;
				GCC_WARN_UNUSED_FUNCTION = YES;
				GCC_WARN_UNUSED_VARIABLE = YES;
				IPHONEOS_DEPLOYMENT_TARGET = 8.4;
				MTL_ENABLE_DEBUG_INFO = YES;
				ONLY_ACTIVE_ARCH = YES;
				SDKROOT = iphoneos;
				SWIFT_OPTIMIZATION_LEVEL = "-Onone";
				TARGETED_DEVICE_FAMILY = "1,2";
			};
			name = Debug;
		};
		D46CDD381B4AE8B10085E403 /* Release */ = {
			isa = XCBuildConfiguration;
			buildSettings = {
				ALWAYS_SEARCH_USER_PATHS = NO;
				CLANG_CXX_LANGUAGE_STANDARD = "gnu++0x";
				CLANG_CXX_LIBRARY = "libc++";
				CLANG_ENABLE_MODULES = YES;
				CLANG_ENABLE_OBJC_ARC = YES;
				CLANG_WARN_BOOL_CONVERSION = YES;
				CLANG_WARN_CONSTANT_CONVERSION = YES;
				CLANG_WARN_DIRECT_OBJC_ISA_USAGE = YES_ERROR;
				CLANG_WARN_EMPTY_BODY = YES;
				CLANG_WARN_ENUM_CONVERSION = YES;
				CLANG_WARN_INT_CONVERSION = YES;
				CLANG_WARN_OBJC_ROOT_CLASS = YES_ERROR;
				CLANG_WARN_UNREACHABLE_CODE = YES;
				CLANG_WARN__DUPLICATE_METHOD_MATCH = YES;
				"CODE_SIGN_IDENTITY[sdk=iphoneos*]" = "iPhone Developer";
				COPY_PHASE_STRIP = NO;
				DEBUG_INFORMATION_FORMAT = "dwarf-with-dsym";
				ENABLE_NS_ASSERTIONS = NO;
				ENABLE_STRICT_OBJC_MSGSEND = YES;
				GCC_C_LANGUAGE_STANDARD = gnu99;
				GCC_NO_COMMON_BLOCKS = YES;
				GCC_WARN_64_TO_32_BIT_CONVERSION = YES;
				GCC_WARN_ABOUT_RETURN_TYPE = YES_ERROR;
				GCC_WARN_UNDECLARED_SELECTOR = YES;
				GCC_WARN_UNINITIALIZED_AUTOS = YES_AGGRESSIVE;
				GCC_WARN_UNUSED_FUNCTION = YES;
				GCC_WARN_UNUSED_VARIABLE = YES;
				IPHONEOS_DEPLOYMENT_TARGET = 8.4;
				MTL_ENABLE_DEBUG_INFO = NO;
				SDKROOT = iphoneos;
				TARGETED_DEVICE_FAMILY = "1,2";
				VALIDATE_PRODUCT = YES;
			};
			name = Release;
		};
		D46CDD3A1B4AE8B10085E403 /* Debug */ = {
			isa = XCBuildConfiguration;
			buildSettings = {
				ASSETCATALOG_COMPILER_APPICON_NAME = AppIcon;
				CODE_SIGN_IDENTITY = "iPhone Developer";
				"CODE_SIGN_IDENTITY[sdk=iphoneos*]" = "iPhone Developer";
				INFOPLIST_FILE = ChompEm/Info.plist;
				LD_RUNPATH_SEARCH_PATHS = "$(inherited) @executable_path/Frameworks";
				PRODUCT_NAME = "$(TARGET_NAME)";
				PROVISIONING_PROFILE = "";
			};
			name = Debug;
		};
		D46CDD3B1B4AE8B10085E403 /* Release */ = {
			isa = XCBuildConfiguration;
			buildSettings = {
				ASSETCATALOG_COMPILER_APPICON_NAME = AppIcon;
				CODE_SIGN_IDENTITY = "iPhone Developer";
				"CODE_SIGN_IDENTITY[sdk=iphoneos*]" = "iPhone Developer";
				INFOPLIST_FILE = ChompEm/Info.plist;
				LD_RUNPATH_SEARCH_PATHS = "$(inherited) @executable_path/Frameworks";
				PRODUCT_NAME = "$(TARGET_NAME)";
				PROVISIONING_PROFILE = "";
			};
			name = Release;
		};
		D46CDD8E1B4AFF0A0085E403 /* Debug */ = {
			isa = XCBuildConfiguration;
			buildSettings = {
				ASSETCATALOG_COMPILER_APPICON_NAME = AppIcon;
				CODE_SIGN_IDENTITY = "iPhone Developer";
				GCC_PREPROCESSOR_DEFINITIONS = (
					"DEBUG=1",
					"$(inherited)",
				);
				IBSC_MODULE = ChompEm_WatchKit_Extension;
				INFOPLIST_FILE = "ChompEm WatchKit App/Info.plist";
				IPHONEOS_DEPLOYMENT_TARGET = 8.2;
				PRODUCT_NAME = "$(TARGET_NAME)";
				SKIP_INSTALL = YES;
				TARGETED_DEVICE_FAMILY = 4;
				"TARGETED_DEVICE_FAMILY[sdk=iphonesimulator*]" = "1,4";
			};
			name = Debug;
		};
		D46CDD8F1B4AFF0A0085E403 /* Release */ = {
			isa = XCBuildConfiguration;
			buildSettings = {
				ASSETCATALOG_COMPILER_APPICON_NAME = AppIcon;
				CODE_SIGN_IDENTITY = "iPhone Developer";
				IBSC_MODULE = ChompEm_WatchKit_Extension;
				INFOPLIST_FILE = "ChompEm WatchKit App/Info.plist";
				IPHONEOS_DEPLOYMENT_TARGET = 8.2;
				PRODUCT_NAME = "$(TARGET_NAME)";
				SKIP_INSTALL = YES;
				TARGETED_DEVICE_FAMILY = 4;
				"TARGETED_DEVICE_FAMILY[sdk=iphonesimulator*]" = "1,4";
			};
			name = Release;
		};
		D46CDD911B4AFF0A0085E403 /* Debug */ = {
			isa = XCBuildConfiguration;
			buildSettings = {
				CLANG_ENABLE_MODULES = YES;
				CODE_SIGN_IDENTITY = "iPhone Developer";
				GCC_PREPROCESSOR_DEFINITIONS = (
					"DEBUG=1",
					"$(inherited)",
				);
				INFOPLIST_FILE = "ChompEm WatchKit Extension/Info.plist";
				LD_RUNPATH_SEARCH_PATHS = "$(inherited) @executable_path/Frameworks @executable_path/../../Frameworks";
				PRODUCT_NAME = "${TARGET_NAME}";
				SKIP_INSTALL = YES;
				SWIFT_OBJC_BRIDGING_HEADER = "ChompEm WatchKit Extension/ChompEm WatchKit Extension-Bridging-Header.h";
				SWIFT_OPTIMIZATION_LEVEL = "-Onone";
			};
			name = Debug;
		};
		D46CDD921B4AFF0A0085E403 /* Release */ = {
			isa = XCBuildConfiguration;
			buildSettings = {
				CLANG_ENABLE_MODULES = YES;
				CODE_SIGN_IDENTITY = "iPhone Developer";
				INFOPLIST_FILE = "ChompEm WatchKit Extension/Info.plist";
				LD_RUNPATH_SEARCH_PATHS = "$(inherited) @executable_path/Frameworks @executable_path/../../Frameworks";
				PRODUCT_NAME = "${TARGET_NAME}";
				SKIP_INSTALL = YES;
				SWIFT_OBJC_BRIDGING_HEADER = "ChompEm WatchKit Extension/ChompEm WatchKit Extension-Bridging-Header.h";
			};
			name = Release;
		};
/* End XCBuildConfiguration section */

/* Begin XCConfigurationList section */
		903740601B4D9BB00043A033 /* Build configuration list for PBXNativeTarget "ChompEm Tests" */ = {
			isa = XCConfigurationList;
			buildConfigurations = (
				903740611B4D9BB00043A033 /* Debug */,
				903740621B4D9BB00043A033 /* Release */,
			);
			defaultConfigurationIsVisible = 0;
		};
		D46CDD111B4AE8B10085E403 /* Build configuration list for PBXProject "ChompEm" */ = {
			isa = XCConfigurationList;
			buildConfigurations = (
				D46CDD371B4AE8B10085E403 /* Debug */,
				D46CDD381B4AE8B10085E403 /* Release */,
			);
			defaultConfigurationIsVisible = 0;
			defaultConfigurationName = Release;
		};
		D46CDD391B4AE8B10085E403 /* Build configuration list for PBXNativeTarget "ChompEm" */ = {
			isa = XCConfigurationList;
			buildConfigurations = (
				D46CDD3A1B4AE8B10085E403 /* Debug */,
				D46CDD3B1B4AE8B10085E403 /* Release */,
			);
			defaultConfigurationIsVisible = 0;
			defaultConfigurationName = Release;
		};
		D46CDD8D1B4AFF0A0085E403 /* Build configuration list for PBXNativeTarget "ChompEm WatchKit App" */ = {
			isa = XCConfigurationList;
			buildConfigurations = (
				D46CDD8E1B4AFF0A0085E403 /* Debug */,
				D46CDD8F1B4AFF0A0085E403 /* Release */,
			);
			defaultConfigurationIsVisible = 0;
			defaultConfigurationName = Release;
		};
		D46CDD901B4AFF0A0085E403 /* Build configuration list for PBXNativeTarget "ChompEm WatchKit Extension" */ = {
			isa = XCConfigurationList;
			buildConfigurations = (
				D46CDD911B4AFF0A0085E403 /* Debug */,
				D46CDD921B4AFF0A0085E403 /* Release */,
			);
			defaultConfigurationIsVisible = 0;
			defaultConfigurationName = Release;
		};
/* End XCConfigurationList section */
	};
	rootObject = D46CDD0E1B4AE8B10085E403 /* Project object */;
}
